
Microsoft Visual Studio Solution File, Format Version 12.00
# Visual Studio Version 17
VisualStudioVersion = 17.5.33414.496
MinimumVisualStudioVersion = 10.0.40219.1
Project("{FAE04EC0-301F-11D3-BF4B-00C04F79EFBC}") = "tpmodul3_1302210112", "tpmodul3_1302210112\tpmodul3_1302210112.csproj", "{432A5B27-2D63-4CBE-B379-1552CB78ADD1}"
EndProject
Global
	GlobalSection(SolutionConfigurationPlatforms) = preSolution
		Debug|Any CPU = Debug|Any CPU
		Release|Any CPU = Release|Any CPU
	EndGlobalSection
	GlobalSection(ProjectConfigurationPlatforms) = postSolution
		{432A5B27-2D63-4CBE-B379-1552CB78ADD1}.Debug|Any CPU.ActiveCfg = Debug|Any CPU
		{432A5B27-2D63-4CBE-B379-1552CB78ADD1}.Debug|Any CPU.Build.0 = Debug|Any CPU
		{432A5B27-2D63-4CBE-B379-1552CB78ADD1}.Release|Any CPU.ActiveCfg = Release|Any CPU
		{432A5B27-2D63-4CBE-B379-1552CB78ADD1}.Release|Any CPU.Build.0 = Release|Any CPU
	EndGlobalSection
	GlobalSection(SolutionProperties) = preSolution
		HideSolutionNode = FALSE
	EndGlobalSection
	GlobalSection(ExtensibilityGlobals) = postSolution
		SolutionGuid = {47AC0B84-16FF-4B60-90E7-6BA260C0EA53}
	EndGlobalSection
EndGlobal
